{
  "name": "cardgame",
  "lockfileVersion": 3,
  "requires": true,
  "packages": {
    "": {
      "dependencies": {
        "pokemon-deck-builder": "github:simeydotme/pokemon-cards-css"
      }
    },
    "node_modules/pokemon-deck-builder": {
      "version": "0.0.0",
      "resolved": "git+ssh://git@github.com/simeydotme/pokemon-cards-css.git#acb1197633e749a1fba4412231db2f6581586d00"
    }
  }
}
